
Microsoft Visual Studio Solution File, Format Version 12.00
# Visual Studio Version 17
VisualStudioVersion = 17.1.32328.378
MinimumVisualStudioVersion = 10.0.40219.1
Project("{9A19103F-16F7-4668-BE54-9A1E7A4F7556}") = "SkiaImageView.Wpf", "SkiaImageView.Wpf\SkiaImageView.Wpf.csproj", "{157481F4-29F3-446A-A1D5-BB7C12C81B2E}"
EndProject
Project("{2150E333-8FDC-42A3-9474-1A3956D46DE8}") = "Solution Items", "Solution Items", "{836A17CD-E5EB-4E4B-99C4-6D6CEEE670BC}"
	ProjectSection(SolutionItems) = preProject
		.gitignore = .gitignore
		build-nupkg.bat = build-nupkg.bat
		Directory.Build.props = Directory.Build.props
		LICENSE = LICENSE
		README.md = README.md
	EndProjectSection
EndProject
Project("{2150E333-8FDC-42A3-9474-1A3956D46DE8}") = "samples", "samples", "{21FDD3AF-8715-452F-8250-BDD23B982AB9}"
EndProject
Project("{9A19103F-16F7-4668-BE54-9A1E7A4F7556}") = "SkiaImageView.Wpf.Sample", "samples\SkiaImageView.Wpf.Sample\SkiaImageView.Wpf.Sample\SkiaImageView.Wpf.Sample.csproj", "{5901C4BB-007E-4C07-90EC-283B55148AA1}"
EndProject
Project("{9A19103F-16F7-4668-BE54-9A1E7A4F7556}") = "SkiaImageView.Wpf.Sample.Core", "samples\SkiaImageView.Wpf.Sample\SkiaImageView.Wpf.Sample.Core\SkiaImageView.Wpf.Sample.Core.csproj", "{587CE168-A391-445D-AFC8-0FD729405CBE}"
EndProject
Project("{9A19103F-16F7-4668-BE54-9A1E7A4F7556}") = "SkiaImageView.Xamarin.Forms", "SkiaImageView.Xamarin.Forms\SkiaImageView.Xamarin.Forms.csproj", "{38667D04-60F2-4C70-B7A2-EC5ED92AA720}"
EndProject
Global
	GlobalSection(SolutionConfigurationPlatforms) = preSolution
		Debug|Any CPU = Debug|Any CPU
		Release|Any CPU = Release|Any CPU
	EndGlobalSection
	GlobalSection(ProjectConfigurationPlatforms) = postSolution
		{157481F4-29F3-446A-A1D5-BB7C12C81B2E}.Debug|Any CPU.ActiveCfg = Debug|Any CPU
		{157481F4-29F3-446A-A1D5-BB7C12C81B2E}.Debug|Any CPU.Build.0 = Debug|Any CPU
		{157481F4-29F3-446A-A1D5-BB7C12C81B2E}.Release|Any CPU.ActiveCfg = Release|Any CPU
		{157481F4-29F3-446A-A1D5-BB7C12C81B2E}.Release|Any CPU.Build.0 = Release|Any CPU
		{5901C4BB-007E-4C07-90EC-283B55148AA1}.Debug|Any CPU.ActiveCfg = Debug|Any CPU
		{5901C4BB-007E-4C07-90EC-283B55148AA1}.Debug|Any CPU.Build.0 = Debug|Any CPU
		{5901C4BB-007E-4C07-90EC-283B55148AA1}.Release|Any CPU.ActiveCfg = Release|Any CPU
		{5901C4BB-007E-4C07-90EC-283B55148AA1}.Release|Any CPU.Build.0 = Release|Any CPU
		{587CE168-A391-445D-AFC8-0FD729405CBE}.Debug|Any CPU.ActiveCfg = Debug|Any CPU
		{587CE168-A391-445D-AFC8-0FD729405CBE}.Debug|Any CPU.Build.0 = Debug|Any CPU
		{587CE168-A391-445D-AFC8-0FD729405CBE}.Release|Any CPU.ActiveCfg = Release|Any CPU
		{587CE168-A391-445D-AFC8-0FD729405CBE}.Release|Any CPU.Build.0 = Release|Any CPU
		{38667D04-60F2-4C70-B7A2-EC5ED92AA720}.Debug|Any CPU.ActiveCfg = Debug|Any CPU
		{38667D04-60F2-4C70-B7A2-EC5ED92AA720}.Debug|Any CPU.Build.0 = Debug|Any CPU
		{38667D04-60F2-4C70-B7A2-EC5ED92AA720}.Release|Any CPU.ActiveCfg = Release|Any CPU
		{38667D04-60F2-4C70-B7A2-EC5ED92AA720}.Release|Any CPU.Build.0 = Release|Any CPU
	EndGlobalSection
	GlobalSection(SolutionProperties) = preSolution
		HideSolutionNode = FALSE
	EndGlobalSection
	GlobalSection(NestedProjects) = preSolution
		{5901C4BB-007E-4C07-90EC-283B55148AA1} = {21FDD3AF-8715-452F-8250-BDD23B982AB9}
		{587CE168-A391-445D-AFC8-0FD729405CBE} = {21FDD3AF-8715-452F-8250-BDD23B982AB9}
	EndGlobalSection
	GlobalSection(ExtensibilityGlobals) = postSolution
		SolutionGuid = {58C0DB65-ABA3-4F91-A1BF-33F60C70CCB4}
	EndGlobalSection
EndGlobal
